
Microsoft Visual Studio Solution File, Format Version 12.00
# Visual Studio Version 17
VisualStudioVersion = 17.10.35004.147
MinimumVisualStudioVersion = 10.0.40219.1
Project("{FAE04EC0-301F-11D3-BF4B-00C04F79EFBC}") = "ECom-Web-Page", "ECom-Web-Page\ECom-Web-Page.csproj", "{FC2452A2-7CFD-41E2-9A1F-FE0A83C655CE}"
EndProject
Project("{FAE04EC0-301F-11D3-BF4B-00C04F79EFBC}") = "DataAccess", "DataAccess\DataAccess.csproj", "{D51EEA9F-1CF6-41CE-8367-0340EEDD5B80}"
EndProject
Project("{FAE04EC0-301F-11D3-BF4B-00C04F79EFBC}") = "ModelClass", "ModelClass\ModelClass.csproj", "{08FF7686-09D2-439B-A8D0-80CDE0DF2119}"
EndProject
Global
	GlobalSection(SolutionConfigurationPlatforms) = preSolution
		Debug|Any CPU = Debug|Any CPU
		Release|Any CPU = Release|Any CPU
	EndGlobalSection
	GlobalSection(ProjectConfigurationPlatforms) = postSolution
		{FC2452A2-7CFD-41E2-9A1F-FE0A83C655CE}.Debug|Any CPU.ActiveCfg = Debug|Any CPU
		{FC2452A2-7CFD-41E2-9A1F-FE0A83C655CE}.Debug|Any CPU.Build.0 = Debug|Any CPU
		{FC2452A2-7CFD-41E2-9A1F-FE0A83C655CE}.Release|Any CPU.ActiveCfg = Release|Any CPU
		{FC2452A2-7CFD-41E2-9A1F-FE0A83C655CE}.Release|Any CPU.Build.0 = Release|Any CPU
		{D51EEA9F-1CF6-41CE-8367-0340EEDD5B80}.Debug|Any CPU.ActiveCfg = Debug|Any CPU
		{D51EEA9F-1CF6-41CE-8367-0340EEDD5B80}.Debug|Any CPU.Build.0 = Debug|Any CPU
		{D51EEA9F-1CF6-41CE-8367-0340EEDD5B80}.Release|Any CPU.ActiveCfg = Release|Any CPU
		{D51EEA9F-1CF6-41CE-8367-0340EEDD5B80}.Release|Any CPU.Build.0 = Release|Any CPU
		{08FF7686-09D2-439B-A8D0-80CDE0DF2119}.Debug|Any CPU.ActiveCfg = Debug|Any CPU
		{08FF7686-09D2-439B-A8D0-80CDE0DF2119}.Debug|Any CPU.Build.0 = Debug|Any CPU
		{08FF7686-09D2-439B-A8D0-80CDE0DF2119}.Release|Any CPU.ActiveCfg = Release|Any CPU
		{08FF7686-09D2-439B-A8D0-80CDE0DF2119}.Release|Any CPU.Build.0 = Release|Any CPU
	EndGlobalSection
	GlobalSection(SolutionProperties) = preSolution
		HideSolutionNode = FALSE
	EndGlobalSection
	GlobalSection(ExtensibilityGlobals) = postSolution
		SolutionGuid = {746F0A76-A902-4B6A-A76E-9412ED60C312}
	EndGlobalSection
EndGlobal
